
Microsoft Visual Studio Solution File, Format Version 12.00
# Visual Studio 15
VisualStudioVersion = 15.0.27428.2027
MinimumVisualStudioVersion = 10.0.40219.1
Project("{FAE04EC0-301F-11D3-BF4B-00C04F79EFBC}") = "FreeFoodNearMe", "FreeFoodNearMe\FreeFoodNearMe.csproj", "{FA84FB18-4635-4778-8203-D549104E2264}"
EndProject
Global
	GlobalSection(SolutionConfigurationPlatforms) = preSolution
		Debug|Any CPU = Debug|Any CPU
		Release|Any CPU = Release|Any CPU
	EndGlobalSection
	GlobalSection(ProjectConfigurationPlatforms) = postSolution
		{FA84FB18-4635-4778-8203-D549104E2264}.Debug|Any CPU.ActiveCfg = Debug|Any CPU
		{FA84FB18-4635-4778-8203-D549104E2264}.Debug|Any CPU.Build.0 = Debug|Any CPU
		{FA84FB18-4635-4778-8203-D549104E2264}.Release|Any CPU.ActiveCfg = Release|Any CPU
		{FA84FB18-4635-4778-8203-D549104E2264}.Release|Any CPU.Build.0 = Release|Any CPU
	EndGlobalSection
	GlobalSection(SolutionProperties) = preSolution
		HideSolutionNode = FALSE
	EndGlobalSection
	GlobalSection(ExtensibilityGlobals) = postSolution
		SolutionGuid = {783773FD-B01C-41FF-8E06-0FF1B2E444C0}
	EndGlobalSection
EndGlobal
